{
  "name": "tevm-app",
  "lockfileVersion": 3,
  "requires": true,
  "packages": {
    "": {
      "name": "tevm-app",
      "dependencies": {
        "@ensdomains/dnsprovejs": "^0.5.1",
        "ethers": "^6.11.1",
        "packet": "^0.0.7",
        "tevm": "^1.0.0-next.44"
      },
      "devDependencies": {
        "@types/dns-packet": "^5.6.5",
        "bun-types": "latest"
      },
      "peerDependencies": {
        "typescript": "^5.0.0"
      }
    },
    "node_modules/@adraffy/ens-normalize": {
      "version": "1.10.1",
      "license": "MIT"
    },
    "node_modules/@ensdomains/dnsprovejs": {
      "version": "0.5.1",
      "license": "ISC",
      "dependencies": {
        "@noble/hashes": "^1.3.2",
        "dns-packet": "^5.6.1",
        "typescript-logging": "^1.0.1"
      },
      "engines": {
        "node": ">=16.8"
      }
    },
    "node_modules/@ethereumjs/block": {
      "version": "5.2.0",
      "license": "MPL-2.0",
      "dependencies": {
        "@ethereumjs/common": "^4.3.0",
        "@ethereumjs/rlp": "^5.0.2",
        "@ethereumjs/trie": "^6.2.0",
        "@ethereumjs/tx": "^5.3.0",
        "@ethereumjs/util": "^9.0.3",
        "ethereum-cryptography": "^2.1.3"
      },
      "engines": {
        "node": ">=18"
      }
    },
    "node_modules/@ethereumjs/blockchain": {
      "version": "7.2.0",
      "license": "MPL-2.0",
      "dependencies": {
        "@ethereumjs/block": "^5.2.0",
        "@ethereumjs/common": "^4.3.0",
        "@ethereumjs/ethash": "^3.0.3",
        "@ethereumjs/rlp": "^5.0.2",
        "@ethereumjs/trie": "^6.2.0",
        "@ethereumjs/tx": "^5.3.0",
        "@ethereumjs/util": "^9.0.3",
        "debug": "^4.3.3",
        "ethereum-cryptography": "^2.1.3",
        "lru-cache": "10.1.0"
      },
      "engines": {
        "node": ">=18"
      }
    },
    "node_modules/@ethereumjs/common": {
      "version": "4.3.0",
      "license": "MIT",
      "dependencies": {
        "@ethereumjs/util": "^9.0.3"
      }
    },
    "node_modules/@ethereumjs/ethash": {
      "version": "3.0.3",
      "license": "MPL-2.0",
      "dependencies": {
        "@ethereumjs/block": "^5.2.0",
        "@ethereumjs/rlp": "^5.0.2",
        "@ethereumjs/util": "^9.0.3",
        "bigint-crypto-utils": "^3.2.2",
        "ethereum-cryptography": "^2.1.3"
      },
      "engines": {
        "node": ">=18"
      }
    },
    "node_modules/@ethereumjs/evm": {
      "version": "2.2.1",
      "license": "MPL-2.0",
      "dependencies": {
        "@ethereumjs/common": "^4.2.0",
        "@ethereumjs/statemanager": "^2.2.2",
        "@ethereumjs/tx": "^5.2.1",
        "@ethereumjs/util": "^9.0.2",
        "@types/debug": "^4.1.9",
        "debug": "^4.3.3",
        "ethereum-cryptography": "^2.1.3",
        "rustbn-wasm": "^0.2.0"
      },
      "engines": {
        "node": ">=18"
      }
    },
    "node_modules/@ethereumjs/rlp": {
      "version": "5.0.2",
      "license": "MPL-2.0",
      "bin": {
        "rlp": "bin/rlp.cjs"
      },
      "engines": {
        "node": ">=18"
      }
    },
    "node_modules/@ethereumjs/statemanager": {
      "version": "2.3.0",
      "license": "MPL-2.0",
      "dependencies": {
        "@ethereumjs/common": "^4.3.0",
        "@ethereumjs/rlp": "^5.0.2",
        "@ethereumjs/trie": "^6.2.0",
        "@ethereumjs/util": "^9.0.3",
        "@ethereumjs/verkle": "^0.0.2",
        "debug": "^4.3.3",
        "ethereum-cryptography": "^2.1.3",
        "js-sdsl": "^4.1.4",
        "lru-cache": "10.1.0"
      }
    },
    "node_modules/@ethereumjs/trie": {
      "version": "6.2.0",
      "license": "MPL-2.0",
      "dependencies": {
        "@ethereumjs/rlp": "^5.0.2",
        "@ethereumjs/util": "^9.0.3",
        "@types/readable-stream": "^2.3.13",
        "debug": "^4.3.4",
        "ethereum-cryptography": "^2.1.3",
        "lru-cache": "10.1.0",
        "readable-stream": "^3.6.0"
      },
      "engines": {
        "node": ">=18"
      }
    },
    "node_modules/@ethereumjs/tx": {
      "version": "5.3.0",
      "license": "MPL-2.0",
      "dependencies": {
        "@ethereumjs/common": "^4.3.0",
        "@ethereumjs/rlp": "^5.0.2",
        "@ethereumjs/util": "^9.0.3",
        "ethereum-cryptography": "^2.1.3"
      },
      "engines": {
        "node": ">=18"
      }
    },
    "node_modules/@ethereumjs/util": {
      "version": "9.0.3",
      "license": "MPL-2.0",
      "dependencies": {
        "@ethereumjs/rlp": "^5.0.2",
        "ethereum-cryptography": "^2.1.3"
      },
      "engines": {
        "node": ">=18"
      }
    },
    "node_modules/@ethereumjs/verkle": {
      "version": "0.0.2",
      "license": "MIT",
      "dependencies": {
        "@ethereumjs/rlp": "^5.0.2",
        "@ethereumjs/util": "^9.0.3",
        "lru-cache": "^10.0.0",
        "rust-verkle-wasm": "^0.0.1"
      },
      "engines": {
        "node": ">=18"
      }
    },
    "node_modules/@ethereumjs/vm": {
      "version": "7.2.1",
      "license": "MPL-2.0",
      "dependencies": {
        "@ethereumjs/block": "^5.1.1",
        "@ethereumjs/blockchain": "^7.1.0",
        "@ethereumjs/common": "^4.2.0",
        "@ethereumjs/evm": "^2.2.1",
        "@ethereumjs/rlp": "^5.0.2",
        "@ethereumjs/statemanager": "^2.2.2",
        "@ethereumjs/trie": "^6.1.1",
        "@ethereumjs/tx": "^5.2.1",
        "@ethereumjs/util": "^9.0.2",
        "debug": "^4.3.3",
        "ethereum-cryptography": "^2.1.3"
      },
      "engines": {
        "node": ">=18"
      }
    },
    "node_modules/@leichtgewicht/ip-codec": {
      "version": "2.0.4",
      "license": "MIT"
    },
    "node_modules/@noble/curves": {
      "version": "1.2.0",
      "license": "MIT",
      "dependencies": {
        "@noble/hashes": "1.3.2"
      },
      "funding": {
        "url": "https://paulmillr.com/funding/"
      }
    },
    "node_modules/@noble/curves/node_modules/@noble/hashes": {
      "version": "1.3.2",
      "license": "MIT",
      "engines": {
        "node": ">= 16"
      },
      "funding": {
        "url": "https://paulmillr.com/funding/"
      }
    },
    "node_modules/@noble/hashes": {
      "version": "1.3.3",
      "license": "MIT",
      "engines": {
        "node": ">= 16"
      },
      "funding": {
        "url": "https://paulmillr.com/funding/"
      }
    },
    "node_modules/@scure/base": {
      "version": "1.1.6",
      "license": "MIT",
      "funding": {
        "url": "https://paulmillr.com/funding/"
      }
    },
    "node_modules/@scure/bip32": {
      "version": "1.3.2",
      "license": "MIT",
      "dependencies": {
        "@noble/curves": "~1.2.0",
        "@noble/hashes": "~1.3.2",
        "@scure/base": "~1.1.2"
      },
      "funding": {
        "url": "https://paulmillr.com/funding/"
      }
    },
    "node_modules/@scure/bip39": {
      "version": "1.2.1",
      "license": "MIT",
      "dependencies": {
        "@noble/hashes": "~1.3.0",
        "@scure/base": "~1.1.0"
      },
      "funding": {
        "url": "https://paulmillr.com/funding/"
      }
    },
    "node_modules/@tevm/actions": {
      "version": "1.0.0-next.42",
      "license": "MIT",
      "dependencies": {
        "@tevm/jsonrpc": "^1.0.0-next.40",
        "@tevm/utils": "^1.0.0-next.40",
        "@tevm/vm": "^1.0.0-next.42",
        "@tevm/zod": "^1.0.0-next.40"
      }
    },
    "node_modules/@tevm/actions-types": {
      "version": "1.0.0-next.41",
      "license": "MIT"
    },
    "node_modules/@tevm/base-client": {
      "version": "1.0.0-next.42",
      "license": "MIT",
      "dependencies": {
        "@tevm/blockchain": "^1.0.0-next.42",
        "@tevm/common": "^1.0.0-next.40",
        "@tevm/evm": "^1.0.0-next.42",
        "@tevm/jsonrpc": "^1.0.0-next.40",
        "@tevm/predeploys": "^1.0.0-next.40",
        "@tevm/state": "^1.0.0-next.40",
        "@tevm/sync-storage-persister": "1.0.0-next.40",
        "@tevm/utils": "^1.0.0-next.40",
        "@tevm/vm": "^1.0.0-next.42"
      }
    },
    "node_modules/@tevm/blockchain": {
      "version": "1.0.0-next.42",
      "license": "MIT",
      "dependencies": {
        "@ethereumjs/block": "^5.0.1",
        "@ethereumjs/blockchain": "^7.0.1",
        "@ethereumjs/common": "^4.1.0",
        "@ethereumjs/trie": "^6.0.1",
        "@ethereumjs/util": "^9.0.1"
      }
    },
    "node_modules/@tevm/client-types": {
      "version": "1.0.0-next.40",
      "license": "MIT",
      "dependencies": {
        "@tevm/utils": "1.0.0-next.40"
      }
    },
    "node_modules/@tevm/common": {
      "version": "1.0.0-next.40",
      "license": "MIT",
      "dependencies": {
        "@ethereumjs/common": "^4.1.0"
      }
    },
    "node_modules/@tevm/contract": {
      "version": "1.0.0-next.40",
      "license": "MIT",
      "dependencies": {
        "@tevm/utils": "1.0.0-next.40"
      }
    },
    "node_modules/@tevm/decorators": {
      "version": "1.0.0-next.42",
      "license": "MIT",
      "dependencies": {
        "@tevm/actions": "^1.0.0-next.42",
        "@tevm/actions-types": "1.0.0-next.41",
        "@tevm/procedures": "^1.0.0-next.42",
        "@tevm/procedures-types": "1.0.0-next.41",
        "@tevm/utils": "1.0.0-next.40",
        "viem": "^2.7.13"
      }
    },
    "node_modules/@tevm/errors": {
      "version": "1.0.0-next.40",
      "license": "MIT"
    },
    "node_modules/@tevm/evm": {
      "version": "1.0.0-next.42",
      "license": "MIT",
      "dependencies": {
        "@ethereumjs/evm": "^2.1.0",
        "@tevm/blockchain": "^1.0.0-next.42",
        "@tevm/common": "^1.0.0-next.40",
        "@tevm/predeploys": "^1.0.0-next.40"
      }
    },
    "node_modules/@tevm/http-client": {
      "version": "1.0.0-next.41",
      "license": "MIT",
      "dependencies": {
        "@tevm/contract": "^1.0.0-next.40",
        "@tevm/viem": "^1.0.0-next.41",
        "viem": "^2.7.9"
      }
    },
    "node_modules/@tevm/jsonrpc": {
      "version": "1.0.0-next.40",
      "license": "MIT"
    },
    "node_modules/@tevm/memory-client": {
      "version": "1.0.0-next.42",
      "license": "MIT",
      "dependencies": {
        "@ethereumjs/evm": "^2.1.0",
        "@ethereumjs/util": "^9.0.1",
        "@tevm/base-client": "^1.0.0-next.42",
        "@tevm/contract": "^1.0.0-next.40",
        "@tevm/decorators": "^1.0.0-next.42",
        "@tevm/utils": "1.0.0-next.40"
      }
    },
    "node_modules/@tevm/precompiles": {
      "version": "1.0.0-next.40",
      "license": "MIT",
      "dependencies": {
        "@ethereumjs/evm": "^2.1.0",
        "@tevm/contract": "^1.0.0-next.40",
        "@tevm/utils": "1.0.0-next.40"
      }
    },
    "node_modules/@tevm/predeploys": {
      "version": "1.0.0-next.40",
      "license": "MIT",
      "dependencies": {
        "@ethereumjs/util": "^9.0.1",
        "@tevm/contract": "^1.0.0-next.40",
        "@tevm/utils": "^1.0.0-next.40"
      }
    },
    "node_modules/@tevm/procedures": {
      "version": "1.0.0-next.42",
      "license": "MIT",
      "dependencies": {
        "@ethereumjs/util": "^9.0.1",
        "@tevm/actions": "^1.0.0-next.42"
      }
    },
    "node_modules/@tevm/procedures-types": {
      "version": "1.0.0-next.41",
      "license": "MIT",
      "dependencies": {
        "@tevm/utils": "1.0.0-next.40"
      }
    },
    "node_modules/@tevm/server": {
      "version": "1.0.0-next.44",
      "license": "MIT",
      "dependencies": {
        "@tevm/errors": "^1.0.0-next.40",
        "@tevm/utils": "^1.0.0-next.40",
        "@tevm/zod": "^1.0.0-next.40"
      }
    },
    "node_modules/@tevm/state": {
      "version": "1.0.0-next.40",
      "license": "MIT",
      "dependencies": {
        "@ethereumjs/common": "^4.1.0",
        "@ethereumjs/statemanager": "^2.1.0",
        "@ethereumjs/trie": "^6.0.1",
        "@tevm/utils": "^1.0.0-next.40",
        "ethereum-cryptography": "^2.1.2",
        "viem": "^2.7.9"
      }
    },
    "node_modules/@tevm/sync-storage-persister": {
      "version": "1.0.0-next.40",
      "license": "MIT",
      "dependencies": {
        "@tevm/state": "1.0.0-next.40"
      }
    },
    "node_modules/@tevm/utils": {
      "version": "1.0.0-next.40",
      "license": "MIT",
      "dependencies": {
        "@ethereumjs/util": "^9.0.1",
        "abitype": "^1.0.0",
        "viem": "^2.7.9"
      }
    },
    "node_modules/@tevm/viem": {
      "version": "1.0.0-next.41",
      "license": "MIT",
      "dependencies": {
        "@tevm/jsonrpc": "1.0.0-next.40"
      },
      "peerDependencies": {
        "viem": "2.x.x"
      }
    },
    "node_modules/@tevm/vm": {
      "version": "1.0.0-next.42",
      "license": "MIT",
      "dependencies": {
        "@ethereumjs/vm": "^7.1.0",
        "@tevm/blockchain": "^1.0.0-next.42",
        "@tevm/common": "^1.0.0-next.40",
        "@tevm/evm": "^1.0.0-next.42"
      }
    },
    "node_modules/@tevm/zod": {
      "version": "1.0.0-next.40",
      "license": "MIT",
      "dependencies": {
        "abitype": "^1.0.0",
        "viem": "^2.7.9",
        "zod": "^3.22.4"
      }
    },
    "node_modules/@types/debug": {
      "version": "4.1.12",
      "license": "MIT",
      "dependencies": {
        "@types/ms": "*"
      }
    },
    "node_modules/@types/dns-packet": {
      "version": "5.6.5",
      "resolved": "https://registry.npmjs.org/@types/dns-packet/-/dns-packet-5.6.5.tgz",
      "integrity": "sha512-qXOC7XLOEe43ehtWJCMnQXvgcIpv6rPmQ1jXT98Ad8A3TB1Ue50jsCbSSSyuazScEuZ/Q026vHbrOTVkmwA+7Q==",
      "dev": true,
      "dependencies": {
        "@types/node": "*"
      }
    },
    "node_modules/@types/ms": {
      "version": "0.7.34",
      "license": "MIT"
    },
    "node_modules/@types/node": {
      "version": "20.11.30",
      "license": "MIT",
      "dependencies": {
        "undici-types": "~5.26.4"
      }
    },
    "node_modules/@types/readable-stream": {
      "version": "2.3.15",
      "license": "MIT",
      "dependencies": {
        "@types/node": "*",
        "safe-buffer": "~5.1.1"
      }
    },
    "node_modules/@types/ws": {
      "version": "8.5.10",
      "dev": true,
      "license": "MIT",
      "dependencies": {
        "@types/node": "*"
      }
    },
    "node_modules/abitype": {
      "version": "1.0.2",
      "license": "MIT",
      "funding": {
        "url": "https://github.com/sponsors/wevm"
      },
      "peerDependencies": {
        "typescript": ">=5.0.4",
        "zod": "^3 >=3.22.0"
      },
      "peerDependenciesMeta": {
        "typescript": {
          "optional": true
        },
        "zod": {
          "optional": true
        }
      }
    },
    "node_modules/aes-js": {
      "version": "4.0.0-beta.5",
      "license": "MIT"
    },
    "node_modules/bigint-crypto-utils": {
      "version": "3.3.0",
      "license": "MIT",
      "engines": {
        "node": ">=14.0.0"
      }
    },
    "node_modules/bun-types": {
      "version": "1.1.3",
      "resolved": "https://registry.npmjs.org/bun-types/-/bun-types-1.1.3.tgz",
      "integrity": "sha512-UB6AlrfSzOmSV3gCTrm2d2e+p/ZeHXrNdrEbFYFL3uy9pIJ02pEYCbtj/HHrDyxKt9YBRH13PDH6Avmt3rKYRA==",
      "dev": true,
      "dependencies": {
        "@types/node": "~20.11.3",
        "@types/ws": "~8.5.10"
      }
    },
    "node_modules/debug": {
      "version": "4.3.4",
      "license": "MIT",
      "dependencies": {
        "ms": "2.1.2"
      },
      "engines": {
        "node": ">=6.0"
      },
      "peerDependenciesMeta": {
        "supports-color": {
          "optional": true
        }
      }
    },
    "node_modules/dns-packet": {
      "version": "5.6.1",
      "license": "MIT",
      "dependencies": {
        "@leichtgewicht/ip-codec": "^2.0.1"
      },
      "engines": {
        "node": ">=6"
      }
    },
    "node_modules/error-stack-parser": {
      "version": "1.3.6",
      "license": "Unlicense",
      "dependencies": {
        "stackframe": "^0.3.1"
      }
    },
    "node_modules/ethereum-cryptography": {
      "version": "2.1.3",
      "license": "MIT",
      "dependencies": {
        "@noble/curves": "1.3.0",
        "@noble/hashes": "1.3.3",
        "@scure/bip32": "1.3.3",
        "@scure/bip39": "1.2.2"
      }
    },
    "node_modules/ethereum-cryptography/node_modules/@noble/curves": {
      "version": "1.3.0",
      "license": "MIT",
      "dependencies": {
        "@noble/hashes": "1.3.3"
      },
      "funding": {
        "url": "https://paulmillr.com/funding/"
      }
    },
    "node_modules/ethereum-cryptography/node_modules/@scure/bip32": {
      "version": "1.3.3",
      "license": "MIT",
      "dependencies": {
        "@noble/curves": "~1.3.0",
        "@noble/hashes": "~1.3.2",
        "@scure/base": "~1.1.4"
      },
      "funding": {
        "url": "https://paulmillr.com/funding/"
      }
    },
    "node_modules/ethereum-cryptography/node_modules/@scure/bip39": {
      "version": "1.2.2",
      "license": "MIT",
      "dependencies": {
        "@noble/hashes": "~1.3.2",
        "@scure/base": "~1.1.4"
      },
      "funding": {
        "url": "https://paulmillr.com/funding/"
      }
    },
    "node_modules/ethers": {
      "version": "6.11.1",
      "funding": [
        {
          "type": "individual",
          "url": "https://github.com/sponsors/ethers-io/"
        },
        {
          "type": "individual",
          "url": "https://www.buymeacoffee.com/ricmoo"
        }
      ],
      "license": "MIT",
      "dependencies": {
        "@adraffy/ens-normalize": "1.10.1",
        "@noble/curves": "1.2.0",
        "@noble/hashes": "1.3.2",
        "@types/node": "18.15.13",
        "aes-js": "4.0.0-beta.5",
        "tslib": "2.4.0",
        "ws": "8.5.0"
      },
      "engines": {
        "node": ">=14.0.0"
      }
    },
    "node_modules/ethers/node_modules/@noble/hashes": {
      "version": "1.3.2",
      "license": "MIT",
      "engines": {
        "node": ">= 16"
      },
      "funding": {
        "url": "https://paulmillr.com/funding/"
      }
    },
    "node_modules/ethers/node_modules/@types/node": {
      "version": "18.15.13",
      "license": "MIT"
    },
    "node_modules/inherits": {
      "version": "2.0.4",
      "license": "ISC"
    },
    "node_modules/isows": {
      "version": "1.0.3",
      "funding": [
        {
          "type": "github",
          "url": "https://github.com/sponsors/wagmi-dev"
        }
      ],
      "license": "MIT",
      "peerDependencies": {
        "ws": "*"
      }
    },
    "node_modules/isows/node_modules/ws": {
      "version": "8.13.0",
      "license": "MIT",
      "peer": true,
      "engines": {
        "node": ">=10.0.0"
      },
      "peerDependencies": {
        "bufferutil": "^4.0.1",
        "utf-8-validate": ">=5.0.2"
      },
      "peerDependenciesMeta": {
        "bufferutil": {
          "optional": true
        },
        "utf-8-validate": {
          "optional": true
        }
      }
    },
    "node_modules/js-sdsl": {
      "version": "4.4.2",
      "license": "MIT",
      "funding": {
        "type": "opencollective",
        "url": "https://opencollective.com/js-sdsl"
      }
    },
    "node_modules/lru-cache": {
      "version": "10.1.0",
      "license": "ISC",
      "engines": {
        "node": "14 || >=16.14"
      }
    },
    "node_modules/ms": {
      "version": "2.1.2",
      "license": "MIT"
    },
    "node_modules/packet": {
      "version": "0.0.7",
      "license": "MIT",
      "dependencies": {
        "programmatic": "0.0.8"
      }
    },
    "node_modules/programmatic": {
      "version": "0.0.8"
    },
    "node_modules/readable-stream": {
      "version": "3.6.2",
      "license": "MIT",
      "dependencies": {
        "inherits": "^2.0.3",
        "string_decoder": "^1.1.1",
        "util-deprecate": "^1.0.1"
      },
      "engines": {
        "node": ">= 6"
      }
    },
    "node_modules/rust-verkle-wasm": {
      "version": "0.0.1",
      "license": "(MIT OR Apache-2.0)"
    },
    "node_modules/rustbn-wasm": {
      "version": "0.2.0",
      "license": "(MIT OR Apache-2.0)",
      "dependencies": {
        "@scure/base": "^1.1.1"
      }
    },
    "node_modules/safe-buffer": {
      "version": "5.1.2",
      "license": "MIT"
    },
    "node_modules/source-map": {
      "version": "0.5.6",
      "license": "BSD-3-Clause",
      "engines": {
        "node": ">=0.10.0"
      }
    },
    "node_modules/stack-generator": {
      "version": "1.1.0",
      "license": "Unlicense",
      "dependencies": {
        "stackframe": "^1.0.2"
      }
    },
    "node_modules/stack-generator/node_modules/stackframe": {
      "version": "1.3.4",
      "license": "MIT"
    },
    "node_modules/stackframe": {
      "version": "0.3.1",
      "license": "SEE LICENSE IN LICENSE"
    },
    "node_modules/stacktrace-gps": {
      "version": "2.4.4",
      "license": "Unlicense",
      "dependencies": {
        "source-map": "0.5.6",
        "stackframe": "~0.3"
      }
    },
    "node_modules/stacktrace-js": {
      "version": "1.3.1",
      "license": "Unlicense",
      "dependencies": {
        "error-stack-parser": "^1.3.6",
        "stack-generator": "^1.0.7",
        "stacktrace-gps": "^2.4.3"
      }
    },
    "node_modules/string_decoder": {
      "version": "1.3.0",
      "license": "MIT",
      "dependencies": {
        "safe-buffer": "~5.2.0"
      }
    },
    "node_modules/string_decoder/node_modules/safe-buffer": {
      "version": "5.2.1",
      "funding": [
        {
          "type": "github",
          "url": "https://github.com/sponsors/feross"
        },
        {
          "type": "patreon",
          "url": "https://www.patreon.com/feross"
        },
        {
          "type": "consulting",
          "url": "https://feross.org/support"
        }
      ],
      "license": "MIT"
    },
    "node_modules/tevm": {
      "version": "1.0.0-next.44",
      "license": "MIT",
      "dependencies": {
        "@tevm/actions-types": "^1.0.0-next.41",
        "@tevm/base-client": "^1.0.0-next.42",
        "@tevm/client-types": "^1.0.0-next.40",
        "@tevm/contract": "^1.0.0-next.40",
        "@tevm/decorators": "^1.0.0-next.42",
        "@tevm/errors": "^1.0.0-next.40",
        "@tevm/http-client": "^1.0.0-next.41",
        "@tevm/jsonrpc": "^1.0.0-next.40",
        "@tevm/memory-client": "^1.0.0-next.42",
        "@tevm/precompiles": "^1.0.0-next.40",
        "@tevm/predeploys": "^1.0.0-next.40",
        "@tevm/procedures-types": "^1.0.0-next.41",
        "@tevm/server": "^1.0.0-next.44",
        "@tevm/state": "^1.0.0-next.40",
        "@tevm/sync-storage-persister": "^1.0.0-next.40",
        "@tevm/utils": "^1.0.0-next.40"
      }
    },
    "node_modules/tslib": {
      "version": "2.4.0",
      "license": "0BSD"
    },
    "node_modules/typescript": {
      "version": "5.4.3",
      "license": "Apache-2.0",
      "peer": true,
      "bin": {
        "tsc": "bin/tsc",
        "tsserver": "bin/tsserver"
      },
      "engines": {
        "node": ">=14.17"
      }
    },
    "node_modules/typescript-logging": {
      "version": "1.0.1",
      "license": "Apache-2.0",
      "dependencies": {
        "stacktrace-js": "1.3.1"
      }
    },
    "node_modules/undici-types": {
      "version": "5.26.5",
      "license": "MIT"
    },
    "node_modules/util-deprecate": {
      "version": "1.0.2",
      "license": "MIT"
    },
    "node_modules/viem": {
      "version": "2.9.2",
      "funding": [
        {
          "type": "github",
          "url": "https://github.com/sponsors/wevm"
        }
      ],
      "license": "MIT",
      "dependencies": {
        "@adraffy/ens-normalize": "1.10.0",
        "@noble/curves": "1.2.0",
        "@noble/hashes": "1.3.2",
        "@scure/bip32": "1.3.2",
        "@scure/bip39": "1.2.1",
        "abitype": "1.0.0",
        "isows": "1.0.3",
        "ws": "8.13.0"
      },
      "peerDependencies": {
        "typescript": ">=5.0.4"
      },
      "peerDependenciesMeta": {
        "typescript": {
          "optional": true
        }
      }
    },
    "node_modules/viem/node_modules/@adraffy/ens-normalize": {
      "version": "1.10.0",
      "license": "MIT"
    },
    "node_modules/viem/node_modules/@noble/hashes": {
      "version": "1.3.2",
      "license": "MIT",
      "engines": {
        "node": ">= 16"
      },
      "funding": {
        "url": "https://paulmillr.com/funding/"
      }
    },
    "node_modules/viem/node_modules/abitype": {
      "version": "1.0.0",
      "license": "MIT",
      "funding": {
        "url": "https://github.com/sponsors/wevm"
      },
      "peerDependencies": {
        "typescript": ">=5.0.4",
        "zod": "^3 >=3.22.0"
      },
      "peerDependenciesMeta": {
        "typescript": {
          "optional": true
        },
        "zod": {
          "optional": true
        }
      }
    },
    "node_modules/viem/node_modules/ws": {
      "version": "8.13.0",
      "license": "MIT",
      "engines": {
        "node": ">=10.0.0"
      },
      "peerDependencies": {
        "bufferutil": "^4.0.1",
        "utf-8-validate": ">=5.0.2"
      },
      "peerDependenciesMeta": {
        "bufferutil": {
          "optional": true
        },
        "utf-8-validate": {
          "optional": true
        }
      }
    },
    "node_modules/ws": {
      "version": "8.5.0",
      "license": "MIT",
      "engines": {
        "node": ">=10.0.0"
      },
      "peerDependencies": {
        "bufferutil": "^4.0.1",
        "utf-8-validate": "^5.0.2"
      },
      "peerDependenciesMeta": {
        "bufferutil": {
          "optional": true
        },
        "utf-8-validate": {
          "optional": true
        }
      }
    },
    "node_modules/zod": {
      "version": "3.22.4",
      "license": "MIT",
      "funding": {
        "url": "https://github.com/sponsors/colinhacks"
      }
    }
  }
}
