# THIS IS AN AUTOGENERATED FILE. DO NOT EDIT THIS FILE DIRECTLY.
# yarn lockfile v1


"@adraffy/ens-normalize@1.10.0":
  version "1.10.0"
  resolved "https://registry.npmjs.org/@adraffy/ens-normalize/-/ens-normalize-1.10.0.tgz"
  integrity sha512-nA9XHtlAkYfJxY7bce8DcN7eKxWWCWkU+1GR9d+U6MbNpfwQp8TI7vqOsBsMcHoT4mBu2kypKoSKnghEzOOq5Q==

"@adraffy/ens-normalize@1.10.1":
  version "1.10.1"
  resolved "https://registry.npmjs.org/@adraffy/ens-normalize/-/ens-normalize-1.10.1.tgz"
  integrity sha512-96Z2IP3mYmF1Xg2cDm8f1gWGf/HUVedQ3FMifV4kG/PQ4yEP51xDtRAEfhVNt5f/uzpNkZHwWQuUcu6D6K+Ekw==

"@ensdomains/dnsprovejs@^0.5.1":
  version "0.5.1"
  resolved "https://registry.npmjs.org/@ensdomains/dnsprovejs/-/dnsprovejs-0.5.1.tgz"
  integrity sha512-nfm4ggpK5YBVwVwLZKF9WPjRGRTL9aUxX2O4pqv/AnQCz3WeGHsW7VhVFLj2s4EoWSzCXwR1E6nuqgUwnH692w==
  dependencies:
    "@noble/hashes" "^1.3.2"
    dns-packet "^5.6.1"
    typescript-logging "^1.0.1"

"@ethereumjs/block@^5.0.1", "@ethereumjs/block@^5.1.1", "@ethereumjs/block@^5.2.0":
  version "5.2.0"
  resolved "https://registry.npmjs.org/@ethereumjs/block/-/block-5.2.0.tgz"
  integrity sha512-NuVDtD58zyjm5lO3AKPaelzX9VywNwRpDF7WTCY0SKFlD5OeewK5Rdb6LWhwmdQ0ngiIg0Nh/36AQ/8W1nEhjw==
  dependencies:
    "@ethereumjs/common" "^4.3.0"
    "@ethereumjs/rlp" "^5.0.2"
    "@ethereumjs/trie" "^6.2.0"
    "@ethereumjs/tx" "^5.3.0"
    "@ethereumjs/util" "^9.0.3"
    ethereum-cryptography "^2.1.3"

"@ethereumjs/blockchain@^7.0.1", "@ethereumjs/blockchain@^7.1.0":
  version "7.2.0"
  resolved "https://registry.npmjs.org/@ethereumjs/blockchain/-/blockchain-7.2.0.tgz"
  integrity sha512-VIylDQR81n1a0BpDZwihGNYHQdxPpz2LfQ4m2jGRtLnY6mu3PEdrriikVN4VKjRDsWInr5Pcz2u2CJsriVXusQ==
  dependencies:
    "@ethereumjs/block" "^5.2.0"
    "@ethereumjs/common" "^4.3.0"
    "@ethereumjs/ethash" "^3.0.3"
    "@ethereumjs/rlp" "^5.0.2"
    "@ethereumjs/trie" "^6.2.0"
    "@ethereumjs/tx" "^5.3.0"
    "@ethereumjs/util" "^9.0.3"
    debug "^4.3.3"
    ethereum-cryptography "^2.1.3"
    lru-cache "10.1.0"

"@ethereumjs/common@^4.1.0", "@ethereumjs/common@^4.2.0", "@ethereumjs/common@^4.3.0":
  version "4.3.0"
  resolved "https://registry.npmjs.org/@ethereumjs/common/-/common-4.3.0.tgz"
  integrity sha512-shBNJ0ewcPNTUfZduHiczPmqkfJDn0Dh/9BR5fq7xUFTuIq7Fu1Vx00XDwQVIrpVL70oycZocOhBM6nDO+4FEQ==
  dependencies:
    "@ethereumjs/util" "^9.0.3"

"@ethereumjs/ethash@^3.0.3":
  version "3.0.3"
  resolved "https://registry.npmjs.org/@ethereumjs/ethash/-/ethash-3.0.3.tgz"
  integrity sha512-AYW1HviuHmmgl/DlbzC50i7P5/XxMofxXSMfGmC8717WO3fvjAClYrwsHETtpuETkwwVNW4sY+4m2HR13K226w==
  dependencies:
    "@ethereumjs/block" "^5.2.0"
    "@ethereumjs/rlp" "^5.0.2"
    "@ethereumjs/util" "^9.0.3"
    bigint-crypto-utils "^3.2.2"
    ethereum-cryptography "^2.1.3"

"@ethereumjs/evm@^2.1.0", "@ethereumjs/evm@^2.2.1":
  version "2.2.1"
  resolved "https://registry.npmjs.org/@ethereumjs/evm/-/evm-2.2.1.tgz"
  integrity sha512-equF3QqssDgfZyVDEoMqJUsMCjO9SwgFdpUTc7yHFOU74X43l/MHM+Cqdey+wcBhdU2yOwD9S2AbW6wh7tDYfQ==
  dependencies:
    "@ethereumjs/common" "^4.2.0"
    "@ethereumjs/statemanager" "^2.2.2"
    "@ethereumjs/tx" "^5.2.1"
    "@ethereumjs/util" "^9.0.2"
    "@types/debug" "^4.1.9"
    debug "^4.3.3"
    ethereum-cryptography "^2.1.3"
    rustbn-wasm "^0.2.0"

"@ethereumjs/rlp@^5.0.2":
  version "5.0.2"
  resolved "https://registry.npmjs.org/@ethereumjs/rlp/-/rlp-5.0.2.tgz"
  integrity sha512-DziebCdg4JpGlEqEdGgXmjqcFoJi+JGulUXwEjsZGAscAQ7MyD/7LE/GVCP29vEQxKc7AAwjT3A2ywHp2xfoCA==

"@ethereumjs/statemanager@^2.1.0", "@ethereumjs/statemanager@^2.2.2":
  version "2.3.0"
  resolved "https://registry.npmjs.org/@ethereumjs/statemanager/-/statemanager-2.3.0.tgz"
  integrity sha512-mHxbtvjN126qwT+dqA5Vev99QR4L+RD/BeZEnFbPsEDrBflMssLMaXZahKzQnMu5iqGOc1KLtT0g1ONl6+JpCA==
  dependencies:
    "@ethereumjs/common" "^4.3.0"
    "@ethereumjs/rlp" "^5.0.2"
    "@ethereumjs/trie" "^6.2.0"
    "@ethereumjs/util" "^9.0.3"
    "@ethereumjs/verkle" "^0.0.2"
    debug "^4.3.3"
    ethereum-cryptography "^2.1.3"
    js-sdsl "^4.1.4"
    lru-cache "10.1.0"

"@ethereumjs/trie@^6.0.1", "@ethereumjs/trie@^6.1.1", "@ethereumjs/trie@^6.2.0":
  version "6.2.0"
  resolved "https://registry.npmjs.org/@ethereumjs/trie/-/trie-6.2.0.tgz"
  integrity sha512-4k9SrfIBTMi8MROXglKxk+jS15qcELUeLwI+NnKJOTCdci2ArhoQpiuRHT6aeXB+2P2cWX2OQHbSVtW9AqabDQ==
  dependencies:
    "@ethereumjs/rlp" "^5.0.2"
    "@ethereumjs/util" "^9.0.3"
    "@types/readable-stream" "^2.3.13"
    debug "^4.3.4"
    ethereum-cryptography "^2.1.3"
    lru-cache "10.1.0"
    readable-stream "^3.6.0"

"@ethereumjs/tx@^5.2.1", "@ethereumjs/tx@^5.3.0":
  version "5.3.0"
  resolved "https://registry.npmjs.org/@ethereumjs/tx/-/tx-5.3.0.tgz"
  integrity sha512-uv++XYuIfuqYbvymL3/o14hHuC6zX0nRQ1nI2FHsbkkorLZ2ChEIDqVeeVk7Xc9/jQNU/22sk9qZZkRlsveXxw==
  dependencies:
    "@ethereumjs/common" "^4.3.0"
    "@ethereumjs/rlp" "^5.0.2"
    "@ethereumjs/util" "^9.0.3"
    ethereum-cryptography "^2.1.3"

"@ethereumjs/util@^9.0.1", "@ethereumjs/util@^9.0.2", "@ethereumjs/util@^9.0.3":
  version "9.0.3"
  resolved "https://registry.npmjs.org/@ethereumjs/util/-/util-9.0.3.tgz"
  integrity sha512-PmwzWDflky+7jlZIFqiGsBPap12tk9zK5SVH9YW2OEnDN7OEhCjUOMzbOqwuClrbkSIkM2ERivd7sXZ48Rh/vg==
  dependencies:
    "@ethereumjs/rlp" "^5.0.2"
    ethereum-cryptography "^2.1.3"

"@ethereumjs/verkle@^0.0.2":
  version "0.0.2"
  resolved "https://registry.npmjs.org/@ethereumjs/verkle/-/verkle-0.0.2.tgz"
  integrity sha512-uUVdUJnkugHBHz6aNRBzQZCqZGtjDigfMYtJ7GfjWN0g7hIftnNWn1NEWRU7Fi+ypD8fvedrV5wcZ20Uofmz2Q==
  dependencies:
    "@ethereumjs/rlp" "^5.0.2"
    "@ethereumjs/util" "^9.0.3"
    lru-cache "^10.0.0"
    rust-verkle-wasm "^0.0.1"

"@ethereumjs/vm@^7.1.0":
  version "7.2.1"
  resolved "https://registry.npmjs.org/@ethereumjs/vm/-/vm-7.2.1.tgz"
  integrity sha512-exmyhDPlfiBtV/nIPY7gE5iu3QC62F7hf/fALLgQaUS8ezxmJQG2MRaFI1eqYwvsAhfNBfst7K6KcCE4jbGbhw==
  dependencies:
    "@ethereumjs/block" "^5.1.1"
    "@ethereumjs/blockchain" "^7.1.0"
    "@ethereumjs/common" "^4.2.0"
    "@ethereumjs/evm" "^2.2.1"
    "@ethereumjs/rlp" "^5.0.2"
    "@ethereumjs/statemanager" "^2.2.2"
    "@ethereumjs/trie" "^6.1.1"
    "@ethereumjs/tx" "^5.2.1"
    "@ethereumjs/util" "^9.0.2"
    debug "^4.3.3"
    ethereum-cryptography "^2.1.3"

"@leichtgewicht/ip-codec@^2.0.1":
  version "2.0.4"

"@noble/curves@~1.2.0", "@noble/curves@1.2.0":
  version "1.2.0"
  resolved "https://registry.npmjs.org/@noble/curves/-/curves-1.2.0.tgz"
  integrity sha512-oYclrNgRaM9SsBUBVbb8M6DTV7ZHRTKugureoYEncY5c65HOmRzvSiTE3y5CYaPYJA/GVkrhXEoF0M3Ya9PMnw==
  dependencies:
    "@noble/hashes" "1.3.2"

"@noble/curves@~1.3.0", "@noble/curves@1.3.0":
  version "1.3.0"
  resolved "https://registry.npmjs.org/@noble/curves/-/curves-1.3.0.tgz"
  integrity sha512-t01iSXPuN+Eqzb4eBX0S5oubSqXbK/xXa1Ne18Hj8f9pStxztHCE2gfboSp/dZRLSqfuLpRK2nDXDK+W9puocA==
  dependencies:
    "@noble/hashes" "1.3.3"

"@noble/hashes@^1.3.2", "@noble/hashes@~1.3.0", "@noble/hashes@~1.3.2", "@noble/hashes@1.3.3":
  version "1.3.3"
  resolved "https://registry.npmjs.org/@noble/hashes/-/hashes-1.3.3.tgz"
  integrity sha512-V7/fPHgl+jsVPXqqeOzT8egNj2iBIVt+ECeMMG8TdcnTikP3oaBtUVqpT/gYCR68aEBJSF+XbYUxStjbFMqIIA==

"@noble/hashes@1.3.2":
  version "1.3.2"
  resolved "https://registry.npmjs.org/@noble/hashes/-/hashes-1.3.2.tgz"
  integrity sha512-MVC8EAQp7MvEcm30KWENFjgR+Mkmf+D189XJTkFIlwohU5hcBbn1ZkKq7KVTi2Hme3PMGF390DaL52beVrIihQ==

"@scure/base@^1.1.1", "@scure/base@~1.1.0", "@scure/base@~1.1.2", "@scure/base@~1.1.4":
  version "1.1.6"
  resolved "https://registry.npmjs.org/@scure/base/-/base-1.1.6.tgz"
  integrity sha512-ok9AWwhcgYuGG3Zfhyqg+zwl+Wn5uE+dwC0NV/2qQkx4dABbb/bx96vWu8NSj+BNjjSjno+JRYRjle1jV08k3g==

"@scure/bip32@1.3.2":
  version "1.3.2"
  resolved "https://registry.npmjs.org/@scure/bip32/-/bip32-1.3.2.tgz"
  integrity sha512-N1ZhksgwD3OBlwTv3R6KFEcPojl/W4ElJOeCZdi+vuI5QmTFwLq3OFf2zd2ROpKvxFdgZ6hUpb0dx9bVNEwYCA==
  dependencies:
    "@noble/curves" "~1.2.0"
    "@noble/hashes" "~1.3.2"
    "@scure/base" "~1.1.2"

"@scure/bip32@1.3.3":
  version "1.3.3"
  resolved "https://registry.npmjs.org/@scure/bip32/-/bip32-1.3.3.tgz"
  integrity sha512-LJaN3HwRbfQK0X1xFSi0Q9amqOgzQnnDngIt+ZlsBC3Bm7/nE7K0kwshZHyaru79yIVRv/e1mQAjZyuZG6jOFQ==
  dependencies:
    "@noble/curves" "~1.3.0"
    "@noble/hashes" "~1.3.2"
    "@scure/base" "~1.1.4"

"@scure/bip39@1.2.1":
  version "1.2.1"
  resolved "https://registry.npmjs.org/@scure/bip39/-/bip39-1.2.1.tgz"
  integrity sha512-Z3/Fsz1yr904dduJD0NpiyRHhRYHdcnyh73FZWiV+/qhWi83wNJ3NWolYqCEN+ZWsUz2TWwajJggcRE9r1zUYg==
  dependencies:
    "@noble/hashes" "~1.3.0"
    "@scure/base" "~1.1.0"

"@scure/bip39@1.2.2":
  version "1.2.2"
  resolved "https://registry.npmjs.org/@scure/bip39/-/bip39-1.2.2.tgz"
  integrity sha512-HYf9TUXG80beW+hGAt3TRM8wU6pQoYur9iNypTROm42dorCGmLnFe3eWjz3gOq6G62H2WRh0FCzAR1PI+29zIA==
  dependencies:
    "@noble/hashes" "~1.3.2"
    "@scure/base" "~1.1.4"

"@tevm/actions-types@^1.0.0-next.41", "@tevm/actions-types@1.0.0-next.41":
  version "1.0.0-next.41"
  resolved "https://registry.npmjs.org/@tevm/actions-types/-/actions-types-1.0.0-next.41.tgz"
  integrity sha512-22pyjsFLBNEOMLbqEHC6H/BMNYOJ1ko6y42L/jWa76OplfLILRCWGG1XQKwFHXffSd6s26IoCx31GYagdYkCNA==

"@tevm/actions@^1.0.0-next.42":
  version "1.0.0-next.42"
  resolved "https://registry.npmjs.org/@tevm/actions/-/actions-1.0.0-next.42.tgz"
  integrity sha512-NyfXDveBQNC9jdO9u4Ac6JRrHugoj7t/sgTTGEiFGCSnLJ87b/pffDRjLbJwqExOEAB0R4OB1maHMqGiHSeCew==
  dependencies:
    "@tevm/jsonrpc" "^1.0.0-next.40"
    "@tevm/utils" "^1.0.0-next.40"
    "@tevm/vm" "^1.0.0-next.42"
    "@tevm/zod" "^1.0.0-next.40"

"@tevm/base-client@^1.0.0-next.42":
  version "1.0.0-next.42"
  resolved "https://registry.npmjs.org/@tevm/base-client/-/base-client-1.0.0-next.42.tgz"
  integrity sha512-RKQZlPin1X7CG2kBaZcQ4qti3B8gsJYE2tDu7AdsY2hJd0jgtkd4OFyYJmvyG7h1GR9IOSHJiLBuq6ysmdj/tA==
  dependencies:
    "@tevm/blockchain" "^1.0.0-next.42"
    "@tevm/common" "^1.0.0-next.40"
    "@tevm/evm" "^1.0.0-next.42"
    "@tevm/jsonrpc" "^1.0.0-next.40"
    "@tevm/predeploys" "^1.0.0-next.40"
    "@tevm/state" "^1.0.0-next.40"
    "@tevm/sync-storage-persister" "1.0.0-next.40"
    "@tevm/utils" "^1.0.0-next.40"
    "@tevm/vm" "^1.0.0-next.42"

"@tevm/blockchain@^1.0.0-next.42":
  version "1.0.0-next.42"
  resolved "https://registry.npmjs.org/@tevm/blockchain/-/blockchain-1.0.0-next.42.tgz"
  integrity sha512-nkFzmr7IReDMcJNJvjWmzNyvPUGkretzXkEVoG3FQo0ZtRNP12alQf3vMvRQn6yrS5UWlm6mdyZyJxdymLlwhg==
  dependencies:
    "@ethereumjs/block" "^5.0.1"
    "@ethereumjs/blockchain" "^7.0.1"
    "@ethereumjs/common" "^4.1.0"
    "@ethereumjs/trie" "^6.0.1"
    "@ethereumjs/util" "^9.0.1"

"@tevm/client-types@^1.0.0-next.40":
  version "1.0.0-next.40"
  resolved "https://registry.npmjs.org/@tevm/client-types/-/client-types-1.0.0-next.40.tgz"
  integrity sha512-XztzKAvhGYUs7YAfiSmpREzwkPzKE6mBnU+yHPXjt/zGp9sOmP6zr4f1TUrGczJ9CP/1WGDkCW3MHG36rOWCZg==
  dependencies:
    "@tevm/utils" "1.0.0-next.40"

"@tevm/common@^1.0.0-next.40":
  version "1.0.0-next.40"
  resolved "https://registry.npmjs.org/@tevm/common/-/common-1.0.0-next.40.tgz"
  integrity sha512-iB+3NUR0eJ8SFekT64Wg5ANt0fBsjbgaB0i3jG0VbrgldbnyATq/xChLDt3k56Xi8loHc6Gxt3JQUvvF9OQ7iQ==
  dependencies:
    "@ethereumjs/common" "^4.1.0"

"@tevm/contract@^1.0.0-next.40":
  version "1.0.0-next.40"
  resolved "https://registry.npmjs.org/@tevm/contract/-/contract-1.0.0-next.40.tgz"
  integrity sha512-wwPI5QhBUm/c+5CqVPmwDLloCl+acMUl+jkOwIV78PAgszcKSMsrcZPRvZ7/OjxdGCKp5CIqJ0ekvrKp6FHJPA==
  dependencies:
    "@tevm/utils" "1.0.0-next.40"

"@tevm/decorators@^1.0.0-next.42":
  version "1.0.0-next.42"
  resolved "https://registry.npmjs.org/@tevm/decorators/-/decorators-1.0.0-next.42.tgz"
  integrity sha512-wacxjNggXExgU4ZVoLNWhv7NFWib7eR8YmtkOlDxEmjZ3bai9GABGTyhxVlwM7nr+qlaYTJ9eV+XuXZMC99EZg==
  dependencies:
    "@tevm/actions" "^1.0.0-next.42"
    "@tevm/actions-types" "1.0.0-next.41"
    "@tevm/procedures" "^1.0.0-next.42"
    "@tevm/procedures-types" "1.0.0-next.41"
    "@tevm/utils" "1.0.0-next.40"
    viem "^2.7.13"

"@tevm/errors@^1.0.0-next.40":
  version "1.0.0-next.40"
  resolved "https://registry.npmjs.org/@tevm/errors/-/errors-1.0.0-next.40.tgz"
  integrity sha512-u6zV4gZBXUS6iobuUNUEdwdHTJjqDIs2J+nF2rKXup0aKohasgJ5NDuC5SvtSsfBzvxv0s19vJ+UZY8qJ8cVLw==

"@tevm/evm@^1.0.0-next.42":
  version "1.0.0-next.42"
  resolved "https://registry.npmjs.org/@tevm/evm/-/evm-1.0.0-next.42.tgz"
  integrity sha512-HACyzCkP4IBZ/pOthymsyQ/umuCsmYRKg85BPfzhvRszTtey9RgDP+zM9jksuAo4kHrBQjFPv3vV+aRc4WTTAA==
  dependencies:
    "@ethereumjs/evm" "^2.1.0"
    "@tevm/blockchain" "^1.0.0-next.42"
    "@tevm/common" "^1.0.0-next.40"
    "@tevm/predeploys" "^1.0.0-next.40"

"@tevm/http-client@^1.0.0-next.41":
  version "1.0.0-next.41"
  resolved "https://registry.npmjs.org/@tevm/http-client/-/http-client-1.0.0-next.41.tgz"
  integrity sha512-N1zvVe1O8+i3EiZynd36GhmrO/n0/XElPc374hAS7DK8eM3SD0uCvMLXsetalycc6usFDMT8J+f/sDaPK8AtsQ==
  dependencies:
    "@tevm/contract" "^1.0.0-next.40"
    "@tevm/viem" "^1.0.0-next.41"
    viem "^2.7.9"

"@tevm/jsonrpc@^1.0.0-next.40", "@tevm/jsonrpc@1.0.0-next.40":
  version "1.0.0-next.40"
  resolved "https://registry.npmjs.org/@tevm/jsonrpc/-/jsonrpc-1.0.0-next.40.tgz"
  integrity sha512-skYRmHS7o0by7zAFU+XY8NBSWiObeg8LrrmLcC3GndbGSxcppLbuRiLRs5hPmcMK96l2zQdVK5BR8EJCKqh4Ig==

"@tevm/memory-client@^1.0.0-next.42":
  version "1.0.0-next.42"
  resolved "https://registry.npmjs.org/@tevm/memory-client/-/memory-client-1.0.0-next.42.tgz"
  integrity sha512-W5Bdl69VX0T8eHbFYTNI4bDEGCc1VaOXT7i1QizFokR7qeykPNWU6+Gh09UB0Vinv8Y1T98ckaNEcwpjGQx7/g==
  dependencies:
    "@ethereumjs/evm" "^2.1.0"
    "@ethereumjs/util" "^9.0.1"
    "@tevm/base-client" "^1.0.0-next.42"
    "@tevm/contract" "^1.0.0-next.40"
    "@tevm/decorators" "^1.0.0-next.42"
    "@tevm/utils" "1.0.0-next.40"

"@tevm/precompiles@^1.0.0-next.40":
  version "1.0.0-next.40"
  resolved "https://registry.npmjs.org/@tevm/precompiles/-/precompiles-1.0.0-next.40.tgz"
  integrity sha512-ZT0qEK2s3yT2b8vs3OrrzFAlpKWkG3zeZgQ43WMOpeq5OqYqysrRcm0TFJCbH8s2fawMkRt9Nf4HQb88BsXTxg==
  dependencies:
    "@ethereumjs/evm" "^2.1.0"
    "@tevm/contract" "^1.0.0-next.40"
    "@tevm/utils" "1.0.0-next.40"

"@tevm/predeploys@^1.0.0-next.40":
  version "1.0.0-next.40"
  resolved "https://registry.npmjs.org/@tevm/predeploys/-/predeploys-1.0.0-next.40.tgz"
  integrity sha512-zyaR5W07KhDiF+0MO/sm5O5Ce1bCE9g5Kuj9ZdcQc/he8+4wq2oOL+tHs+dIjFjDIIDm4Jpmj3WDBwlAOfMEOw==
  dependencies:
    "@ethereumjs/util" "^9.0.1"
    "@tevm/contract" "^1.0.0-next.40"
    "@tevm/utils" "^1.0.0-next.40"

"@tevm/procedures-types@^1.0.0-next.41", "@tevm/procedures-types@1.0.0-next.41":
  version "1.0.0-next.41"
  resolved "https://registry.npmjs.org/@tevm/procedures-types/-/procedures-types-1.0.0-next.41.tgz"
  integrity sha512-anX5cCtOdwwFmkQbFB4HmvYglHU3M9NjADB206aAzm/7CzyNKpIitXkSlbJV0dieH9bX++04qiBrJrvp3yJ8tA==
  dependencies:
    "@tevm/utils" "1.0.0-next.40"

"@tevm/procedures@^1.0.0-next.42":
  version "1.0.0-next.42"
  resolved "https://registry.npmjs.org/@tevm/procedures/-/procedures-1.0.0-next.42.tgz"
  integrity sha512-08mJn5HQTqjwjHHBCjcdqQdTO0RiLxS/LaS76dy72fQGQwcVXO03CLixZkZuuq6dB+i5yJs2ZzUkwYxDJXmlqA==
  dependencies:
    "@ethereumjs/util" "^9.0.1"
    "@tevm/actions" "^1.0.0-next.42"

"@tevm/server@^1.0.0-next.44":
  version "1.0.0-next.44"
  resolved "https://registry.npmjs.org/@tevm/server/-/server-1.0.0-next.44.tgz"
  integrity sha512-qcXaNyHvHHC7H8y+gO9TLhjSEBo/EGAJxOCaV9He8JSTjN1SGi7Ci5re/iKRkDSe4wmQ0xfGu+lmdH2KjF/Qog==
  dependencies:
    "@tevm/errors" "^1.0.0-next.40"
    "@tevm/utils" "^1.0.0-next.40"
    "@tevm/zod" "^1.0.0-next.40"

"@tevm/state@^1.0.0-next.40", "@tevm/state@1.0.0-next.40":
  version "1.0.0-next.40"
  resolved "https://registry.npmjs.org/@tevm/state/-/state-1.0.0-next.40.tgz"
  integrity sha512-b143Zkr/r32fQYIj9k3QLn40z0y94s63Zrp3aMA49D+LPpC9W4vQKInjnu1bNriALG8tt5lZNVfebDUYqD7B4g==
  dependencies:
    "@ethereumjs/common" "^4.1.0"
    "@ethereumjs/statemanager" "^2.1.0"
    "@ethereumjs/trie" "^6.0.1"
    "@tevm/utils" "^1.0.0-next.40"
    ethereum-cryptography "^2.1.2"
    viem "^2.7.9"

"@tevm/sync-storage-persister@^1.0.0-next.40", "@tevm/sync-storage-persister@1.0.0-next.40":
  version "1.0.0-next.40"
  resolved "https://registry.npmjs.org/@tevm/sync-storage-persister/-/sync-storage-persister-1.0.0-next.40.tgz"
  integrity sha512-V43pgLVhOX9FFt9gnqc0gCcD2UFa+eJbxh8YL1PqFPWSv0zrgGwpzej3MeIFTaSzrR5bY/OdA3jtPCQonFNnGQ==
  dependencies:
    "@tevm/state" "1.0.0-next.40"

"@tevm/utils@^1.0.0-next.40", "@tevm/utils@1.0.0-next.40":
  version "1.0.0-next.40"
  resolved "https://registry.npmjs.org/@tevm/utils/-/utils-1.0.0-next.40.tgz"
  integrity sha512-2vv7OiNMNxcZa6eeJz9ok/lUxeHZZYHQMX8vdzk1j0vhcWr3lqA3fV2o/2aeEKHwWvIOGDrs9QUwRs+/raM6ng==
  dependencies:
    "@ethereumjs/util" "^9.0.1"
    abitype "^1.0.0"
    viem "^2.7.9"

"@tevm/viem@^1.0.0-next.41":
  version "1.0.0-next.41"
  resolved "https://registry.npmjs.org/@tevm/viem/-/viem-1.0.0-next.41.tgz"
  integrity sha512-EJqE3EOVRFAkiB9AwyyhzHtF/rpEp2+is1f33j4sFKsb6f/sZ4S7z4QbLPbc+3UdbL2nDhMkpmvNWeIZQkMTdw==
  dependencies:
    "@tevm/jsonrpc" "1.0.0-next.40"

"@tevm/vm@^1.0.0-next.42":
  version "1.0.0-next.42"
  resolved "https://registry.npmjs.org/@tevm/vm/-/vm-1.0.0-next.42.tgz"
  integrity sha512-hTXJ8jDkHlHfgj90Zs2zZBNEYRp3mBhfkocGLzT7b2qPAWtoatgrnKNIRVwNf4+V6RT0iCPnM4MmNi2Y52QVLA==
  dependencies:
    "@ethereumjs/vm" "^7.1.0"
    "@tevm/blockchain" "^1.0.0-next.42"
    "@tevm/common" "^1.0.0-next.40"
    "@tevm/evm" "^1.0.0-next.42"

"@tevm/zod@^1.0.0-next.40":
  version "1.0.0-next.40"
  resolved "https://registry.npmjs.org/@tevm/zod/-/zod-1.0.0-next.40.tgz"
  integrity sha512-7J/oafqRDYOB7S+zC0vRJF47O3YutfGQNw288LVondVQVCOP8+qI/AyCIufyFsiKQjg8OgJlUMyoGI0B9vjW0Q==
  dependencies:
    abitype "^1.0.0"
    viem "^2.7.9"
    zod "^3.22.4"

"@types/debug@^4.1.9":
  version "4.1.12"
  resolved "https://registry.npmjs.org/@types/debug/-/debug-4.1.12.tgz"
  integrity sha512-vIChWdVG3LG1SMxEvI/AK+FWJthlrqlTu7fbrlywTkkaONwk/UAGaULXRlf8vkzFBLVm0zkMdCquhL5aOjhXPQ==
  dependencies:
    "@types/ms" "*"

"@types/ms@*":
  version "0.7.34"
  resolved "https://registry.npmjs.org/@types/ms/-/ms-0.7.34.tgz"
  integrity sha512-nG96G3Wp6acyAgJqGasjODb+acrI7KltPiRxzHPXnP3NgI28bpQDRv53olbqGXbfcgF5aiiHmO3xpwEpS5Ld9g==

"@types/node@*", "@types/node@~20.11.3":
  version "20.11.30"
  resolved "https://registry.npmjs.org/@types/node/-/node-20.11.30.tgz"
  integrity sha512-dHM6ZxwlmuZaRmUPfv1p+KrdD1Dci04FbdEm/9wEMouFqxYoFl5aMkt0VMAUtYRQDyYvD41WJLukhq/ha3YuTw==
  dependencies:
    undici-types "~5.26.4"

"@types/node@18.15.13":
  version "18.15.13"
  resolved "https://registry.npmjs.org/@types/node/-/node-18.15.13.tgz"
  integrity sha512-N+0kuo9KgrUQ1Sn/ifDXsvg0TTleP7rIy4zOBGECxAljqvqfqpTfzx0Q1NUedOixRMBfe2Whhb056a42cWs26Q==

"@types/readable-stream@^2.3.13":
  version "2.3.15"
  resolved "https://registry.npmjs.org/@types/readable-stream/-/readable-stream-2.3.15.tgz"
  integrity sha512-oM5JSKQCcICF1wvGgmecmHldZ48OZamtMxcGGVICOJA8o8cahXC1zEVAif8iwoc5j8etxFaRFnf095+CDsuoFQ==
  dependencies:
    "@types/node" "*"
    safe-buffer "~5.1.1"

"@types/ws@~8.5.10":
  version "8.5.10"
  resolved "https://registry.npmjs.org/@types/ws/-/ws-8.5.10.tgz"
  integrity sha512-vmQSUcfalpIq0R9q7uTo2lXs6eGIpt9wtnLdMv9LVpIjCA/+ufZRozlVoVelIYixx1ugCBKDhn89vnsEGOCx9A==
  dependencies:
    "@types/node" "*"

abitype@^1.0.0:
  version "1.0.2"
  resolved "https://registry.npmjs.org/abitype/-/abitype-1.0.2.tgz"
  integrity sha512-aFt4k2H+eiAKy/zxtnORa9iIb10BMBeWL18l8v4+QuwYEBXPxxjSB1bFZCzQmKPoj8m7j68K705l3uY+E2gAjg==

abitype@1.0.0:
  version "1.0.0"
  resolved "https://registry.npmjs.org/abitype/-/abitype-1.0.0.tgz"
  integrity sha512-NMeMah//6bJ56H5XRj8QCV4AwuW6hB6zqz2LnhhLdcWVQOsXki6/Pn3APeqxCma62nXIcmZWdu1DlHWS74umVQ==

aes-js@4.0.0-beta.5:
  version "4.0.0-beta.5"
  resolved "https://registry.npmjs.org/aes-js/-/aes-js-4.0.0-beta.5.tgz"
  integrity sha512-G965FqalsNyrPqgEGON7nIx1e/OVENSgiEIzyC63haUMuvNnwIgIjMs52hlTCKhkBny7A2ORNlfY9Zu+jmGk1Q==

bigint-crypto-utils@^3.2.2:
  version "3.3.0"
  resolved "https://registry.npmjs.org/bigint-crypto-utils/-/bigint-crypto-utils-3.3.0.tgz"
  integrity sha512-jOTSb+drvEDxEq6OuUybOAv/xxoh3cuYRUIPyu8sSHQNKM303UQ2R1DAo45o1AkcIXw6fzbaFI1+xGGdaXs2lg==

bun-types@latest:
  version "1.1.3"
  resolved "https://registry.npmjs.org/bun-types/-/bun-types-1.1.3.tgz"
  integrity sha512-UB6AlrfSzOmSV3gCTrm2d2e+p/ZeHXrNdrEbFYFL3uy9pIJ02pEYCbtj/HHrDyxKt9YBRH13PDH6Avmt3rKYRA==
  dependencies:
    "@types/node" "~20.11.3"
    "@types/ws" "~8.5.10"

debug@^4.3.3, debug@^4.3.4:
  version "4.3.4"
  resolved "https://registry.npmjs.org/debug/-/debug-4.3.4.tgz"
  integrity sha512-PRWFHuSU3eDtQJPvnNY7Jcket1j0t5OuOsFzPPzsekD52Zl8qUfFIPEiswXqIvHWGVHOgX+7G/vCNNhehwxfkQ==
  dependencies:
    ms "2.1.2"

dns-packet@^5.6.1:
  version "5.6.1"
  resolved "https://registry.npmjs.org/dns-packet/-/dns-packet-5.6.1.tgz"
  integrity sha512-l4gcSouhcgIKRvyy99RNVOgxXiicE+2jZoNmaNmZ6JXiGajBOJAesk1OBlJuM5k2c+eudGdLxDqXuPCKIj6kpw==
  dependencies:
    "@leichtgewicht/ip-codec" "^2.0.1"

error-stack-parser@^1.3.6:
  version "1.3.6"
  resolved "https://registry.npmjs.org/error-stack-parser/-/error-stack-parser-1.3.6.tgz"
  integrity sha512-xhuSYd8wLgOXwNgjcPeXMPL/IiiA1Huck+OPvClpJViVNNlJVtM41o+1emp7bPvlCJwCatFX2DWc05/DgfbWzA==
  dependencies:
    stackframe "^0.3.1"

ethereum-cryptography@^2.1.2, ethereum-cryptography@^2.1.3:
  version "2.1.3"
  resolved "https://registry.npmjs.org/ethereum-cryptography/-/ethereum-cryptography-2.1.3.tgz"
  integrity sha512-BlwbIL7/P45W8FGW2r7LGuvoEZ+7PWsniMvQ4p5s2xCyw9tmaDlpfsN9HjAucbF+t/qpVHwZUisgfK24TCW8aA==
  dependencies:
    "@noble/curves" "1.3.0"
    "@noble/hashes" "1.3.3"
    "@scure/bip32" "1.3.3"
    "@scure/bip39" "1.2.2"

ethers@^6.11.1:
  version "6.11.1"
  dependencies:
    "@adraffy/ens-normalize" "1.10.1"
    "@noble/curves" "1.2.0"
    "@noble/hashes" "1.3.2"
    "@types/node" "18.15.13"
    aes-js "4.0.0-beta.5"
    tslib "2.4.0"
    ws "8.5.0"

inherits@^2.0.3:
  version "2.0.4"
  resolved "https://registry.npmjs.org/inherits/-/inherits-2.0.4.tgz"
  integrity sha512-k/vGaX4/Yla3WzyMCvTQOXYeIHvqOKtnqBduzTHpzpQZzAskKMhZ2K+EnBiSM9zGSoIFeMpXKxa4dYeZIQqewQ==

isows@1.0.3:
  version "1.0.3"
  resolved "https://registry.npmjs.org/isows/-/isows-1.0.3.tgz"
  integrity sha512-2cKei4vlmg2cxEjm3wVSqn8pcoRF/LX/wpifuuNquFO4SQmPwarClT+SUCA2lt+l581tTeZIPIZuIDo2jWN1fg==

js-sdsl@^4.1.4:
  version "4.4.2"
  resolved "https://registry.npmjs.org/js-sdsl/-/js-sdsl-4.4.2.tgz"
  integrity sha512-dwXFwByc/ajSV6m5bcKAPwe4yDDF6D614pxmIi5odytzxRlwqF6nwoiCek80Ixc7Cvma5awClxrzFtxCQvcM8w==

lru-cache@^10.0.0, lru-cache@10.1.0:
  version "10.1.0"
  resolved "https://registry.npmjs.org/lru-cache/-/lru-cache-10.1.0.tgz"
  integrity sha512-/1clY/ui8CzjKFyjdvwPWJUYKiFVXG2I2cY0ssG7h4+hwk+XOIX7ZSG9Q7TW8TW3Kp3BUSqgFWBLgL4PJ+Blag==

ms@2.1.2:
  version "2.1.2"
  resolved "https://registry.npmjs.org/ms/-/ms-2.1.2.tgz"
  integrity sha512-sGkPx+VjMtmA6MX27oA4FBFELFCZZ4S4XqeGOXCv68tT+jb3vk/RyaKWP0PTKyWtmLSM0b+adUTEvbs1PEaH2w==

readable-stream@^3.6.0:
  version "3.6.2"
  resolved "https://registry.npmjs.org/readable-stream/-/readable-stream-3.6.2.tgz"
  integrity sha512-9u/sniCrY3D5WdsERHzHE4G2YCXqoG5FTHUiCC4SIbr6XcLZBY05ya9EKjYek9O5xOAwjGq+1JdGBAS7Q9ScoA==
  dependencies:
    inherits "^2.0.3"
    string_decoder "^1.1.1"
    util-deprecate "^1.0.1"

rust-verkle-wasm@^0.0.1:
  version "0.0.1"
  resolved "https://registry.npmjs.org/rust-verkle-wasm/-/rust-verkle-wasm-0.0.1.tgz"
  integrity sha512-BN6fiTsxcd2dCECz/cHtGTt9cdLJR925nh7iAuRcj8ymKw7OOaPmCneQZ7JePOJ/ia27TjEL91VdOi88Yf+mcA==

rustbn-wasm@^0.2.0:
  version "0.2.0"
  resolved "https://registry.npmjs.org/rustbn-wasm/-/rustbn-wasm-0.2.0.tgz"
  integrity sha512-FThvYFNTqrEKGqXuseeg0zR7yROh/6U1617mCHF68OVqrN1tNKRN7Tdwy4WayPVsCmmK+eMxtIZX1qL6JxTkMg==
  dependencies:
    "@scure/base" "^1.1.1"

safe-buffer@~5.1.1:
  version "5.1.2"
  resolved "https://registry.npmjs.org/safe-buffer/-/safe-buffer-5.1.2.tgz"
  integrity sha512-Gd2UZBJDkXlY7GbJxfsE8/nvKkUEU1G38c1siN6QP6a9PT9MmHB8GnpscSmMJSoF8LOIrt8ud/wPtojys4G6+g==

safe-buffer@~5.2.0:
  version "5.2.1"
  resolved "https://registry.npmjs.org/safe-buffer/-/safe-buffer-5.2.1.tgz"
  integrity sha512-rp3So07KcdmmKbGvgaNxQSJr7bGVSVk5S9Eq1F+ppbRo70+YeaDxkw5Dd8NPN+GD6bjnYm2VuPuCXmpuYvmCXQ==

source-map@0.5.6:
  version "0.5.6"
  resolved "https://registry.npmjs.org/source-map/-/source-map-0.5.6.tgz"
  integrity sha512-MjZkVp0NHr5+TPihLcadqnlVoGIoWo4IBHptutGh9wI3ttUYvCG26HkSuDi+K6lsZ25syXJXcctwgyVCt//xqA==

stack-generator@^1.0.7:
  version "1.1.0"
  resolved "https://registry.npmjs.org/stack-generator/-/stack-generator-1.1.0.tgz"
  integrity sha512-sZDVjwC56vZoo+a5t0LH/1sMQLWYLi/r+Z2ztyCAOhOX3QBP34GWxK0FWf2eU1TIU2CJKCKBAtDZycUh/ZKMlw==
  dependencies:
    stackframe "^1.0.2"

stackframe@^0.3.1, stackframe@~0.3:
  version "0.3.1"
  resolved "https://registry.npmjs.org/stackframe/-/stackframe-0.3.1.tgz"
  integrity sha512-XmoiF4T5nuWEp2x2w92WdGjdHGY/cZa6LIbRsDRQR/Xlk4uW0PAUlH1zJYVffocwKpCdwyuypIp25xsSXEtZHw==

stackframe@^1.0.2:
  version "1.3.4"
  resolved "https://registry.npmjs.org/stackframe/-/stackframe-1.3.4.tgz"
  integrity sha512-oeVtt7eWQS+Na6F//S4kJ2K2VbRlS9D43mAlMyVpVWovy9o+jfgH8O9agzANzaiLjclA0oYzUXEM4PurhSUChw==

stacktrace-gps@^2.4.3:
  version "2.4.4"
  resolved "https://registry.npmjs.org/stacktrace-gps/-/stacktrace-gps-2.4.4.tgz"
  integrity sha512-msFhuMEEklQLUtaJ+GeCDjzUN+PamfHWQiK3C1LnbHjoxSeF5dAxiE+aJkptNMmMNOropGFJ7G3ZT7dPZHgDaQ==
  dependencies:
    source-map "0.5.6"
    stackframe "~0.3"

stacktrace-js@1.3.1:
  version "1.3.1"
  resolved "https://registry.npmjs.org/stacktrace-js/-/stacktrace-js-1.3.1.tgz"
  integrity sha512-b+5voFnXqg9TWdOE50soXL+WuOreYUm1Ukg9U7rzEWGL4+gcVxIcFasNBtOffVX0I1lYqVZj0PZXZvTt5e3YRQ==
  dependencies:
    error-stack-parser "^1.3.6"
    stack-generator "^1.0.7"
    stacktrace-gps "^2.4.3"

string_decoder@^1.1.1:
  version "1.3.0"
  resolved "https://registry.npmjs.org/string_decoder/-/string_decoder-1.3.0.tgz"
  integrity sha512-hkRX8U1WjJFd8LsDJ2yQ/wWWxaopEsABU1XfkM8A+j0+85JAGppt16cr1Whg6KIbb4okU6Mql6BOj+uup/wKeA==
  dependencies:
    safe-buffer "~5.2.0"

tevm@^1.0.0-next.44:
  version "1.0.0-next.44"
  resolved "https://registry.npmjs.org/tevm/-/tevm-1.0.0-next.44.tgz"
  integrity sha512-jIRBxyJsyDU+DmBoBUFYbJ/q9O3YYl5UkLceeAxeW/XBBP9donpLl3IAzs/sN+fgt42SQhVXu+Y1eQY08e4TWg==
  dependencies:
    "@tevm/actions-types" "^1.0.0-next.41"
    "@tevm/base-client" "^1.0.0-next.42"
    "@tevm/client-types" "^1.0.0-next.40"
    "@tevm/contract" "^1.0.0-next.40"
    "@tevm/decorators" "^1.0.0-next.42"
    "@tevm/errors" "^1.0.0-next.40"
    "@tevm/http-client" "^1.0.0-next.41"
    "@tevm/jsonrpc" "^1.0.0-next.40"
    "@tevm/memory-client" "^1.0.0-next.42"
    "@tevm/precompiles" "^1.0.0-next.40"
    "@tevm/predeploys" "^1.0.0-next.40"
    "@tevm/procedures-types" "^1.0.0-next.41"
    "@tevm/server" "^1.0.0-next.44"
    "@tevm/state" "^1.0.0-next.40"
    "@tevm/sync-storage-persister" "^1.0.0-next.40"
    "@tevm/utils" "^1.0.0-next.40"

tslib@2.4.0:
  version "2.4.0"
  resolved "https://registry.npmjs.org/tslib/-/tslib-2.4.0.tgz"
  integrity sha512-d6xOpEDfsi2CZVlPQzGeux8XMwLT9hssAsaPYExaQMuYskwb+x1x7J371tWlbBdWHroy99KnVB6qIkUbs5X3UQ==

typescript-logging@^1.0.1:
  version "1.0.1"
  resolved "https://registry.npmjs.org/typescript-logging/-/typescript-logging-1.0.1.tgz"
  integrity sha512-zp28ABme0m5q/nXabBaY9Hv/35N8lMH4FsvhpUO0zVi4vFs3uKlb5br2it61HAZF5k+U0aP6E67j0VD0IzXGpQ==
  dependencies:
    stacktrace-js "1.3.1"

typescript@^5.0.0, typescript@>=5.0.4:
  version "5.4.3"

undici-types@~5.26.4:
  version "5.26.5"
  resolved "https://registry.npmjs.org/undici-types/-/undici-types-5.26.5.tgz"
  integrity sha512-JlCMO+ehdEIKqlFxk6IfVoAUVmgz7cU7zD/h9XZ0qzeosSHmUJVOzSQvvYSYWXkFXC+IfLKSIffhv0sVZup6pA==

util-deprecate@^1.0.1:
  version "1.0.2"
  resolved "https://registry.npmjs.org/util-deprecate/-/util-deprecate-1.0.2.tgz"
  integrity sha512-EPD5q1uXyFxJpCrLnCc1nHnq3gOa6DZBocAIiI2TaSCA7VCJ1UJDMagCzIkXNsUYfD1daK//LTEQ8xiIbrHtcw==

viem@^2.7.13, viem@^2.7.9, viem@2.x.x:
  version "2.9.2"
  dependencies:
    "@adraffy/ens-normalize" "1.10.0"
    "@noble/curves" "1.2.0"
    "@noble/hashes" "1.3.2"
    "@scure/bip32" "1.3.2"
    "@scure/bip39" "1.2.1"
    abitype "1.0.0"
    isows "1.0.3"
    ws "8.13.0"

ws@*:
  version "8.13.0"

ws@8.13.0:
  version "8.13.0"
  resolved "https://registry.npmjs.org/ws/-/ws-8.13.0.tgz"
  integrity sha512-x9vcZYTrFPC7aSIbj7sRCYo7L/Xb8Iy+pW0ng0wt2vCJv7M9HOMy0UoN3rr+IFC7hb7vXoqS+P9ktyLLLhO+LA==

ws@8.5.0:
  version "8.5.0"
  resolved "https://registry.npmjs.org/ws/-/ws-8.5.0.tgz"
  integrity sha512-BWX0SWVgLPzYwF8lTzEy1egjhS4S4OEAHfsO8o65WOVsrnSRGaSiUaa9e0ggGlkMTtBlmOpEXiie9RUcBO86qg==

"zod@^3 >=3.22.0", zod@^3.22.4:
  version "3.22.4"
